
Microsoft Visual Studio Solution File, Format Version 12.00
# Visual Studio Version 17
VisualStudioVersion = 17.6.33723.286
MinimumVisualStudioVersion = 10.0.40219.1
Project("{FAE04EC0-301F-11D3-BF4B-00C04F79EFBC}") = "ValidPassword", "ValidPassword\ValidPassword.csproj", "{DB92F5E7-3104-4283-B9D4-50F421330CE1}"
EndProject
Global
	GlobalSection(SolutionConfigurationPlatforms) = preSolution
		Debug|Any CPU = Debug|Any CPU
		Release|Any CPU = Release|Any CPU
	EndGlobalSection
	GlobalSection(ProjectConfigurationPlatforms) = postSolution
		{DB92F5E7-3104-4283-B9D4-50F421330CE1}.Debug|Any CPU.ActiveCfg = Debug|Any CPU
		{DB92F5E7-3104-4283-B9D4-50F421330CE1}.Debug|Any CPU.Build.0 = Debug|Any CPU
		{DB92F5E7-3104-4283-B9D4-50F421330CE1}.Release|Any CPU.ActiveCfg = Release|Any CPU
		{DB92F5E7-3104-4283-B9D4-50F421330CE1}.Release|Any CPU.Build.0 = Release|Any CPU
	EndGlobalSection
	GlobalSection(SolutionProperties) = preSolution
		HideSolutionNode = FALSE
	EndGlobalSection
	GlobalSection(ExtensibilityGlobals) = postSolution
		SolutionGuid = {1049AF06-ED60-4177-8155-79FF18CC21F9}
	EndGlobalSection
EndGlobal
